
Microsoft Visual Studio Solution File, Format Version 12.00
# Visual Studio Version 17
VisualStudioVersion = 17.10.35122.118
MinimumVisualStudioVersion = 10.0.40219.1
Project("{9A19103F-16F7-4668-BE54-9A1E7A4F7556}") = "SE170224.Lab3.API", "SE170224.Lab3.API\SE170224.Lab3.API.csproj", "{5E58C21D-2962-42BD-8809-0222DCDEE82B}"
EndProject
Project("{9A19103F-16F7-4668-BE54-9A1E7A4F7556}") = "SE170224.Lab3.Repository", "SE170224.Lab3.Repository\SE170224.Lab3.Repository.csproj", "{B9CA1D7C-416F-4203-A0AA-97DFECD36713}"
EndProject
Project("{9A19103F-16F7-4668-BE54-9A1E7A4F7556}") = "SE170224.Lab3.Service", "SE170224.Lab3.Service\SE170224.Lab3.Service.csproj", "{A1A4CD14-5FAF-47B2-BFDD-74EC9DC1B81F}"
EndProject
Global
	GlobalSection(SolutionConfigurationPlatforms) = preSolution
		Debug|Any CPU = Debug|Any CPU
		Release|Any CPU = Release|Any CPU
	EndGlobalSection
	GlobalSection(ProjectConfigurationPlatforms) = postSolution
		{5E58C21D-2962-42BD-8809-0222DCDEE82B}.Debug|Any CPU.ActiveCfg = Debug|Any CPU
		{5E58C21D-2962-42BD-8809-0222DCDEE82B}.Debug|Any CPU.Build.0 = Debug|Any CPU
		{5E58C21D-2962-42BD-8809-0222DCDEE82B}.Release|Any CPU.ActiveCfg = Release|Any CPU
		{5E58C21D-2962-42BD-8809-0222DCDEE82B}.Release|Any CPU.Build.0 = Release|Any CPU
		{B9CA1D7C-416F-4203-A0AA-97DFECD36713}.Debug|Any CPU.ActiveCfg = Debug|Any CPU
		{B9CA1D7C-416F-4203-A0AA-97DFECD36713}.Debug|Any CPU.Build.0 = Debug|Any CPU
		{B9CA1D7C-416F-4203-A0AA-97DFECD36713}.Release|Any CPU.ActiveCfg = Release|Any CPU
		{B9CA1D7C-416F-4203-A0AA-97DFECD36713}.Release|Any CPU.Build.0 = Release|Any CPU
		{A1A4CD14-5FAF-47B2-BFDD-74EC9DC1B81F}.Debug|Any CPU.ActiveCfg = Debug|Any CPU
		{A1A4CD14-5FAF-47B2-BFDD-74EC9DC1B81F}.Debug|Any CPU.Build.0 = Debug|Any CPU
		{A1A4CD14-5FAF-47B2-BFDD-74EC9DC1B81F}.Release|Any CPU.ActiveCfg = Release|Any CPU
		{A1A4CD14-5FAF-47B2-BFDD-74EC9DC1B81F}.Release|Any CPU.Build.0 = Release|Any CPU
	EndGlobalSection
	GlobalSection(SolutionProperties) = preSolution
		HideSolutionNode = FALSE
	EndGlobalSection
	GlobalSection(ExtensibilityGlobals) = postSolution
		SolutionGuid = {7364A257-DCC0-439B-A843-E20A0EB93A3A}
	EndGlobalSection
EndGlobal
